version: 1
files:
  src/locales/en.json:
    auth.signUp.title: 90a11dc39f14365f6a7221eb1b5948ac
    auth.signUp.description: 5bef23eb7efff2736c5583bda59e5eb7
    auth.signUp.name: 49ee3087348e8d44e1feda1917443987
    auth.signUp.namePlaceholder: fd2f820569d83784238e1027897b463e
    auth.signUp.nameRequired: ff0f4960555ff95b5cdacd4468cea37f
    auth.signUp.email: ce8ae9da5b7cd6c3df2929543a9af92d
    auth.signUp.emailPlaceholder: 95d3fa6b9e69c588a333f4e78139a7cd
    auth.signUp.emailRequired: 59e4904d4366fab35a8282f418e699de
    auth.signUp.password: dc647eb65e6711e155375218212b3964
    auth.signUp.passwordPlaceholder: e8d28194f9b3498d21fbda21321d0226
    auth.signUp.passwordRequired: 47be05698f8dd87bb445ceefce6abd0d
    auth.signUp.confirmPassword: 887f7db126221fe60d18c895d41dc8f6
    auth.signUp.confirmPasswordPlaceholder: 65f13145802f7e6f8f02c1d7d3afc32d
    auth.signUp.confirmPasswordRequired: 354bc3bd43859629cafda2ff6a7378f5
    auth.signUp.passwordsDoNotMatch: 867cee98fdd724e7d5bc87f61ce657bc
    auth.signUp.errorTitle: 902b0d55fddef6f8d651fe1035b7d4bd
    auth.signUp.defaultError: a25c753ee3e4be15ec0daa5a40deb7b8
    auth.signUp.signUp: d67850bd126f070221dcfd5fa6317043
    auth.signUp.orContinueWith: 4038e4c17bd41abe684a20af4c2cb0be
    auth.signUp.google: 8b36e9207c24c76e6719268e49201d94
    auth.signUp.github: d3b7c913cd04ebfec0e9ec32cb6fd58c
    auth.signUp.alreadyHaveAccount: f37aa9a8b08c7d7ff1266c4b8ab31790
    auth.signUp.signIn: f2fdea440d768b85591e936a803c3631
    auth.signUp.termsText: da95743fd7da280e9a55c57218df6799
    auth.signUp.termsOfService: 3b6c2b4caaf4f14f8d7feeddc4ac3f4d
    auth.signUp.and: be5d5d37542d75f93a87094459f76678
    auth.signUp.privacyPolicy: fa2ead697d9998cbc65c81384e6533d5
    auth.signUp.logoAlt: 8c2e28f1f1ff07ec3f99fff039b68019
    auth.signUp.appName: 8c2e28f1f1ff07ec3f99fff039b68019
    auth.signIn.title: ebdf0f490b617d7efa3025d3625cec85
    auth.signIn.description: 15cb3b43610751d8b2e241abfba63e10
    auth.signIn.email: ce8ae9da5b7cd6c3df2929543a9af92d
    auth.signIn.emailPlaceholder: 95d3fa6b9e69c588a333f4e78139a7cd
    auth.signIn.password: dc647eb65e6711e155375218212b3964
    auth.signIn.passwordPlaceholder: e8d28194f9b3498d21fbda21321d0226
    auth.signIn.emailRequired: 59e4904d4366fab35a8282f418e699de
    auth.signIn.passwordRequired: 47be05698f8dd87bb445ceefce6abd0d
    auth.signIn.errorTitle: 902b0d55fddef6f8d651fe1035b7d4bd
    auth.signIn.defaultError: a25c753ee3e4be15ec0daa5a40deb7b8
    auth.signIn.signIn: f2fdea440d768b85591e936a803c3631
    auth.signIn.orContinueWith: 4038e4c17bd41abe684a20af4c2cb0be
    auth.signIn.google: 8b36e9207c24c76e6719268e49201d94
    auth.signIn.github: d3b7c913cd04ebfec0e9ec32cb6fd58c
    auth.signIn.noAccount: a99b60a38a2b3afedb4f14b1f0a5f69d
    auth.signIn.createAccount: 42369faa6a6b243aac58683f3874bf99
    auth.signIn.termsText: da95743fd7da280e9a55c57218df6799
    auth.signIn.termsOfService: 3b6c2b4caaf4f14f8d7feeddc4ac3f4d
    auth.signIn.and: be5d5d37542d75f93a87094459f76678
    auth.signIn.privacyPolicy: fa2ead697d9998cbc65c81384e6533d5
    auth.signIn.logoAlt: 8c2e28f1f1ff07ec3f99fff039b68019
    auth.signIn.appName: 8c2e28f1f1ff07ec3f99fff039b68019
    dashboard.navUser.avatarFallback: 0a40e3c91a3a55c9a37428c6d194d0e5
    dashboard.navUser.upgradeToPro: e2098b4d8b81851e9011176668214642
    dashboard.navUser.account: 08bd40c7543007ad06e4fce31618f6ec
    dashboard.navUser.billing: 780c462e85ba4399a5d42e88f69a15ca
    dashboard.navUser.notifications: a274f4d4670213a9045ce258c6c56b80
    dashboard.navUser.logOut: 4394c8d8e63c470de62ced3ae85de5ae
    dashboard.navMain.title: 419f3742e6de8e0ec4b22cce005e7630
    dashboard.navMain.meetings: 2fd5c01f4902b65ff3d8dd3d60565520
    dashboard.navMain.agents: 375099f0c804e924c1dc275370710d92
    agents.list.title: 4341e8044c2b0598b7c026846b080781
    agents.list.newAgent: 34b1143dd1d64c24c9d94b3e03584821
    agents.list.newAgentDescription: 897a0d98e7fc5c6fd502c17b49a78919
    agents.list.searchPlaceholder: a15e9d627362cb8837d0b910bc53a55e
    agents.list.headers.name: 49ee3087348e8d44e1feda1917443987
    agents.list.headers.instructions: 49cc8e6220245b65cd7d20fc6ccc74f5
    agents.list.headers.meetings: 2fd5c01f4902b65ff3d8dd3d60565520
    agents.list.headers.meeting: a6e3488cf178a7e7e41d05cccfdc5a80
    agents.list.emptyState.title: 23fb98eca71a508765ffe349fb7b68b6
    agents.list.emptyState.description: b9d815dab8ec5e5e0ca8831813b26202
    agents.list.emptyState.ctaLabel: 7ed142f1bb9b8d86973e4212bddb46d4
    agents.form.name: 49ee3087348e8d44e1feda1917443987
    agents.form.namePlaceholder: 5ab206ad06114e49858664b3b98289fb
    agents.form.instructions: 49cc8e6220245b65cd7d20fc6ccc74f5
    agents.form.instructionsPlaceholder: b9270a9eb60420974b1b4f3adb6b9d78
    agents.form.create: 686e697538050e4664636337cc3b834f
    agents.form.edit: 7dce122004969d56ae2e0245cb754d35
    agents.form.cancel: ea4788705e6873b424c65e91c2846b19
    agents.form.save: c9cc8cce247e49bae79f15173ce97354
    agents.form.errors.nameRequired: 649ff3413871277ec215494afbda6458
    agents.form.errors.instructionsRequired: 75342e830c658a0db78c5a6e6f773a39
    global.pagination.previous: dd1f775e443ff3b9a89270713580a51b
    global.pagination.next: 10ac3d04253ef7e1ddc73e6091c0cd55
    global.pagination.pageOf: c55db04c8c3722f2e1d9b2d618134a6c
  messages/en.json:
    auth.signUp.title: 90a11dc39f14365f6a7221eb1b5948ac
    auth.signUp.description: 5bef23eb7efff2736c5583bda59e5eb7
    auth.signUp.name: 49ee3087348e8d44e1feda1917443987
    auth.signUp.namePlaceholder: fd2f820569d83784238e1027897b463e
    auth.signUp.nameRequired: ff0f4960555ff95b5cdacd4468cea37f
    auth.signUp.email: ce8ae9da5b7cd6c3df2929543a9af92d
    auth.signUp.emailPlaceholder: 95d3fa6b9e69c588a333f4e78139a7cd
    auth.signUp.emailRequired: 59e4904d4366fab35a8282f418e699de
    auth.signUp.password: dc647eb65e6711e155375218212b3964
    auth.signUp.passwordPlaceholder: e8d28194f9b3498d21fbda21321d0226
    auth.signUp.passwordRequired: 47be05698f8dd87bb445ceefce6abd0d
    auth.signUp.confirmPassword: 887f7db126221fe60d18c895d41dc8f6
    auth.signUp.confirmPasswordPlaceholder: 65f13145802f7e6f8f02c1d7d3afc32d
    auth.signUp.confirmPasswordRequired: 354bc3bd43859629cafda2ff6a7378f5
    auth.signUp.passwordsDoNotMatch: 867cee98fdd724e7d5bc87f61ce657bc
    auth.signUp.errorTitle: 902b0d55fddef6f8d651fe1035b7d4bd
    auth.signUp.defaultError: a25c753ee3e4be15ec0daa5a40deb7b8
    auth.signUp.signUp: d67850bd126f070221dcfd5fa6317043
    auth.signUp.orContinueWith: 4038e4c17bd41abe684a20af4c2cb0be
    auth.signUp.google: 8b36e9207c24c76e6719268e49201d94
    auth.signUp.github: d3b7c913cd04ebfec0e9ec32cb6fd58c
    auth.signUp.alreadyHaveAccount: f37aa9a8b08c7d7ff1266c4b8ab31790
    auth.signUp.signIn: f2fdea440d768b85591e936a803c3631
    auth.signUp.termsText: da95743fd7da280e9a55c57218df6799
    auth.signUp.termsOfService: 3b6c2b4caaf4f14f8d7feeddc4ac3f4d
    auth.signUp.and: be5d5d37542d75f93a87094459f76678
    auth.signUp.privacyPolicy: fa2ead697d9998cbc65c81384e6533d5
    auth.signUp.logoAlt: 8c2e28f1f1ff07ec3f99fff039b68019
    auth.signUp.appName: 8c2e28f1f1ff07ec3f99fff039b68019
    auth.signIn.title: ebdf0f490b617d7efa3025d3625cec85
    auth.signIn.description: 15cb3b43610751d8b2e241abfba63e10
    auth.signIn.email: ce8ae9da5b7cd6c3df2929543a9af92d
    auth.signIn.emailPlaceholder: 95d3fa6b9e69c588a333f4e78139a7cd
    auth.signIn.password: dc647eb65e6711e155375218212b3964
    auth.signIn.passwordPlaceholder: e8d28194f9b3498d21fbda21321d0226
    auth.signIn.emailRequired: 59e4904d4366fab35a8282f418e699de
    auth.signIn.passwordRequired: 47be05698f8dd87bb445ceefce6abd0d
    auth.signIn.errorTitle: 902b0d55fddef6f8d651fe1035b7d4bd
    auth.signIn.defaultError: a25c753ee3e4be15ec0daa5a40deb7b8
    auth.signIn.signIn: f2fdea440d768b85591e936a803c3631
    auth.signIn.orContinueWith: 4038e4c17bd41abe684a20af4c2cb0be
    auth.signIn.google: 8b36e9207c24c76e6719268e49201d94
    auth.signIn.github: d3b7c913cd04ebfec0e9ec32cb6fd58c
    auth.signIn.noAccount: a99b60a38a2b3afedb4f14b1f0a5f69d
    auth.signIn.createAccount: 42369faa6a6b243aac58683f3874bf99
    auth.signIn.termsText: da95743fd7da280e9a55c57218df6799
    auth.signIn.termsOfService: 3b6c2b4caaf4f14f8d7feeddc4ac3f4d
    auth.signIn.and: be5d5d37542d75f93a87094459f76678
    auth.signIn.privacyPolicy: fa2ead697d9998cbc65c81384e6533d5
    auth.signIn.logoAlt: 8c2e28f1f1ff07ec3f99fff039b68019
    auth.signIn.appName: 8c2e28f1f1ff07ec3f99fff039b68019
    dashboard.navUser.avatarFallback: 0a40e3c91a3a55c9a37428c6d194d0e5
    dashboard.navUser.upgradeToPro: e2098b4d8b81851e9011176668214642
    dashboard.navUser.account: 08bd40c7543007ad06e4fce31618f6ec
    dashboard.navUser.billing: 780c462e85ba4399a5d42e88f69a15ca
    dashboard.navUser.notifications: a274f4d4670213a9045ce258c6c56b80
    dashboard.navUser.logOut: 4394c8d8e63c470de62ced3ae85de5ae
    dashboard.navMain.title: 419f3742e6de8e0ec4b22cce005e7630
    dashboard.navMain.meetings: 2fd5c01f4902b65ff3d8dd3d60565520
    dashboard.navMain.agents: 375099f0c804e924c1dc275370710d92
    agents.list.title: 4341e8044c2b0598b7c026846b080781
    agents.list.newAgent: 34b1143dd1d64c24c9d94b3e03584821
    agents.list.newAgentDescription: 897a0d98e7fc5c6fd502c17b49a78919
    agents.list.searchPlaceholder: a15e9d627362cb8837d0b910bc53a55e
    agents.list.editAgent: d41b02f455f7edf5e55f906db0c09977
    agents.list.editAgentDescription: a692abc6134e50e0dbf1316f6362b76d
    agents.list.headers.name: 49ee3087348e8d44e1feda1917443987
    agents.list.headers.instructions: 49cc8e6220245b65cd7d20fc6ccc74f5
    agents.list.headers.meetings: 2fd5c01f4902b65ff3d8dd3d60565520
    agents.list.headers.meeting: a6e3488cf178a7e7e41d05cccfdc5a80
    agents.list.emptyState.title: 23fb98eca71a508765ffe349fb7b68b6
    agents.list.emptyState.description: b9d815dab8ec5e5e0ca8831813b26202
    agents.list.emptyState.ctaLabel: 7ed142f1bb9b8d86973e4212bddb46d4
    agents.form.name: 49ee3087348e8d44e1feda1917443987
    agents.form.namePlaceholder: 5ab206ad06114e49858664b3b98289fb
    agents.form.instructions: 49cc8e6220245b65cd7d20fc6ccc74f5
    agents.form.instructionsPlaceholder: b9270a9eb60420974b1b4f3adb6b9d78
    agents.form.create: 686e697538050e4664636337cc3b834f
    agents.form.edit: 7dce122004969d56ae2e0245cb754d35
    agents.form.cancel: ea4788705e6873b424c65e91c2846b19
    agents.form.delete: f2a6c498fb90ee345d997f888fce3b18
    agents.form.save: c9cc8cce247e49bae79f15173ce97354
    agents.form.update: 06933067aafd48425d67bcb01bba5cb6
    agents.form.errors.nameRequired: 649ff3413871277ec215494afbda6458
    agents.form.errors.instructionsRequired: 75342e830c658a0db78c5a6e6f773a39
    agents.detail.deleteDialog.title: 729a51874fe901b092899e9e8b31c97a
    agents.detail.deleteDialog.description: 4a4713a6d3abbaea5c03440341f607a7
    meetings.list.title: 3c93aef1c343aa1265698b1d9852d5d8
    meetings.list.newMeeting: cb646b8f300032a0e184b230534ef670
    meetings.list.newMeetingDescription: 352cd4b01f8e6f335a0ced27b147eeff
    meetings.list.searchPlaceholder: a15e9d627362cb8837d0b910bc53a55e
    meetings.list.durationUnknown: 88183b946cc5f0e8c96b2e66e1c74a7e
    meetings.list.headers.name: 49ee3087348e8d44e1feda1917443987
    meetings.list.headers.agent: 7446050b848d839fe9847073ff94cfd6
    meetings.list.headers.status: ec53a8c4f07baed5d8825072c89799be
    meetings.list.headers.duration: e02d2ae03de9d493df2b6b2d2813d302
    meetings.list.headers.createdAt: 6e9a375edaa0f55f2b86e1f415a33172
    meetings.list.emptyState.title: d93b1ccbe076d7bd3bd73a004f1594e0
    meetings.list.emptyState.description: b7049b3c8f4fc84499a319c79079890e
    meetings.list.emptyState.ctaLabel: 33935a971adf175dc2d825533356daec
    meetings.status.placeholder: 5ed7d8757f51d8e13f2b5251de9055c7
    meetings.status.upcoming: 14ab5b8597ef2c5fc1748c6cf1bdb81d
    meetings.status.active: 4d3d769b812b6faa6b76e1a8abaece2d
    meetings.status.completed: 07ca5050e697392c9ed47e6453f1453f
    meetings.status.processing: 643562a9ae7099c8aabfdc93478db117
    meetings.status.cancelled: a149e85a44aeec9140e92733d9ed694e
    meetings.form.name: 49ee3087348e8d44e1feda1917443987
    meetings.form.namePlaceholder: bfc5872d892eef32c16045b374e6fc69
    meetings.form.agent: 7446050b848d839fe9847073ff94cfd6
    meetings.form.agentPlaceholder: 21082c310debf4228a5c9fd82615c439
    meetings.form.create: 686e697538050e4664636337cc3b834f
    meetings.form.agentDescription: 39ace5d7acca75804184bd7a2a408a4b
    meetings.form.createNewAgent: 9394dd1228926f808a8bf071df813037
    meetings.form.errors.nameRequired: 7f480b22d9f425a70fc1d1d3f2837dcf
    meetings.form.errors.agentRequired: 74a3192ab9e7cdea49009dba86684105
    global.form.cancel: ea4788705e6873b424c65e91c2846b19
    global.form.accept: c4408d335012a56ff58937d78050efad
    global.form.confirm: 70d9be9b139893aa6c69b5e77e614311
    global.form.select: 59d5d61e9e9b2dc33a0211623cc4fe11
    global.form.selectNoSearchResults: e576c23d915755d83e2d1f47bd9f6c22
    global.form.search: 2a37324bb4c331c859044121df3f576b
    global.pagination.previous: dd1f775e443ff3b9a89270713580a51b
    global.pagination.next: 10ac3d04253ef7e1ddc73e6091c0cd55
    global.pagination.pageOf: c55db04c8c3722f2e1d9b2d618134a6c
